github.com/aws/aws-lambda-go v1.8.0 h1:YMCzi9FP7MNVVj9AkGpYyaqh/mvFOjhqiDtnNlWtKTg=
github.com/aws/aws-lambda-go v1.8.0/go.mod h1:zUsUQhAUjYzR8AuduJPCfhBuKWUaDbQiPOG+ouzmE1A=
github.com/d-velop/dvelop-sdk-go v0.0.0-20191107075108-483e363b4ba6 h1:OKb3o9zxisqdQJCXTXPaX+QTegiIemeaysZykI+Oq/4=
github.com/d-velop/dvelop-sdk-go v0.0.0-20191107085044-56b79e6224e9 h1:UTVif1zGHnqoELYubTbQKPfzBE3Qrn4PFV46Cehc+sw=
github.com/d-velop/dvelop-sdk-go/contentnegotiation v0.0.0-20181220074725-b377df504a0e h1:2NSCL0VHLIilATJVBtNul6W351oTO6/8lXHb11A4nTA=
github.com/d-velop/dvelop-sdk-go/contentnegotiation v0.0.0-20181220074725-b377df504a0e/go.mod h1:eRISj8VauYGjgWCPtsvWqVyG/dbbbxjYkU/gCnTEbeg=
github.com/d-velop/dvelop-sdk-go/contentnegotiation v0.0.0-20191107075108-483e363b4ba6 h1:E0MrQmcheaMH23AOp3cQYzJ1LQL6Ctb33osKYpTzlKI=
github.com/d-velop/dvelop-sdk-go/contentnegotiation v0.0.0-20191107075108-483e363b4ba6/go.mod h1:siqr3lWF1fkZLwPyYGhcm+4XlWqsnEIb5I+Od0b4efY=
github.com/d-velop/dvelop-sdk-go/contentnegotiation v0.0.0-20191107085044-56b79e6224e9 h1:0fqyMwD440TELE7dUhwfIUef1vOT6eK5EHlLtCIJ9Qw=
github.com/d-velop/dvelop-sdk-go/contentnegotiation v0.0.0-20191107085044-56b79e6224e9/go.mod h1:siqr3lWF1fkZLwPyYGhcm+4XlWqsnEIb5I+Od0b4efY=
github.com/d-velop/dvelop-sdk-go/idp v0.0.0-20190124101707-3866f3fdcaff h1:4kCBw/6sCti89Ieze9mfT1Vo0DcLP5VJYG3ZdYA+4ok=
github.com/d-velop/dvelop-sdk-go/idp v0.0.0-20190124101707-3866f3fdcaff/go.mod h1:5QIi4aF/LsVOQ3vwcnKX9OdICQhdeaGlBmP5Bg+3ZyE=
github.com/d-velop/dvelop-sdk-go/idp v0.0.0-20190131133641-6dc0569413a4 h1:NvdIS0aLcskfNcQfV++avL4cYl9pzIHWSnhCSrJjdmI=
github.com/d-velop/dvelop-sdk-go/idp v0.0.0-20190131133641-6dc0569413a4/go.mod h1:5QIi4aF/LsVOQ3vwcnKX9OdICQhdeaGlBmP5Bg+3ZyE=
github.com/d-velop/dvelop-sdk-go/idp v0.0.0-20191107075108-483e363b4ba6 h1:IWsFsNU7KNuJJy8s5GGqYWsHLK6ksSXUNj11EwxKc9M=
github.com/d-velop/dvelop-sdk-go/idp v0.0.0-20191107075108-483e363b4ba6/go.mod h1:hYIgGr4cfeFcwoiDLD42ObuELPlvBB1gB/io39efWvY=
github.com/d-velop/dvelop-sdk-go/idp v0.0.0-20191107085044-56b79e6224e9 h1:+6Cq5LqmFuskSLaRu8cagr8W8LpnBzQjp/NnCZROqro=
github.com/d-velop/dvelop-sdk-go/idp v0.0.0-20191107085044-56b79e6224e9/go.mod h1:hYIgGr4cfeFcwoiDLD42ObuELPlvBB1gB/io39efWvY=
github.com/d-velop/dvelop-sdk-go/lambda v0.0.0-20181220074725-b377df504a0e h1:ZS3bfM6xlYiK3C9+mOK+6FiYC5DALy7TqXFQz3DcC3g=
github.com/d-velop/dvelop-sdk-go/lambda v0.0.0-20181220074725-b377df504a0e/go.mod h1:g83TtS3HBXx+yd6r40Lb2rWAV65Xx0vCBP4H+b2lnB0=
github.com/d-velop/dvelop-sdk-go/lambda v0.0.0-20191107075108-483e363b4ba6 h1:ayo7xN8SdDzKtFIM6N1WtPJ4KcZgN47cNwkosUgSDqY=
github.com/d-velop/dvelop-sdk-go/lambda v0.0.0-20191107075108-483e363b4ba6/go.mod h1:N+XEBdu8nZNEW09dMbWqAtUetluyXejX5Z6EUVfesfg=
github.com/d-velop/dvelop-sdk-go/lambda v0.0.0-20191107085044-56b79e6224e9 h1:PMzxfjGHsTMiUn0TS/p49fg4yNL8yiMJQKTnH8ShOx8=
github.com/d-velop/dvelop-sdk-go/lambda v0.0.0-20191107085044-56b79e6224e9/go.mod h1:N+XEBdu8nZNEW09dMbWqAtUetluyXejX5Z6EUVfesfg=
github.com/d-velop/dvelop-sdk-go/log v0.0.0-20181220074725-b377df504a0e h1:Cb+amkkDuVfVtvV1CcLUXX/cNCxrgOxf5n+ky1JQVMY=
github.com/d-velop/dvelop-sdk-go/log v0.0.0-20181220074725-b377df504a0e/go.mod h1:x9iWHuId9n6HYwaYm7o57nRX4GQt8/CHnUheHZlByi0=
github.com/d-velop/dvelop-sdk-go/log v0.0.0-20191107075108-483e363b4ba6 h1:bCT8EEULllq7JAW3fcWv9QZCdUZo+tv9ysArzOtlVIw=
github.com/d-velop/dvelop-sdk-go/log v0.0.0-20191107075108-483e363b4ba6/go.mod h1:SAb14GKvscMkBXYLVHrqywqlUzogrL1DoYfiA8QBWqw=
github.com/d-velop/dvelop-sdk-go/log v0.0.0-20191107085044-56b79e6224e9 h1:D5AiSfkUaGVKzKx1HBPdDe1uyXiphNpSbhgaP1oPwrg=
github.com/d-velop/dvelop-sdk-go/log v0.0.0-20191107085044-56b79e6224e9/go.mod h1:SAb14GKvscMkBXYLVHrqywqlUzogrL1DoYfiA8QBWqw=
github.com/d-velop/dvelop-sdk-go/requestid v0.0.0-20181220074725-b377df504a0e h1:eakpqJvDYOlgiutbg9ZLrSAW9cK4A6YnyjrrvHOmr6g=
github.com/d-velop/dvelop-sdk-go/requestid v0.0.0-20181220074725-b377df504a0e/go.mod h1:jiovSyiq+ZjYjOsz1VTT0XR72yw07xMRYDLyZXX1w9k=
github.com/d-velop/dvelop-sdk-go/requestid v0.0.0-20191107075108-483e363b4ba6 h1:Ve6DP9dEtT7lv1lm9oYq/Z6YWecgZOxz/EDCx19FUFg=
github.com/d-velop/dvelop-sdk-go/requestid v0.0.0-20191107075108-483e363b4ba6/go.mod h1:2VF207teJDk0FX8LXVqwiVPGua2RHJ0wPlIOHgaMSs0=
github.com/d-velop/dvelop-sdk-go/requestid v0.0.0-20191107085044-56b79e6224e9 h1:LF0FUXCv+P8BiJr+3RZI7J6mQWF0+9gOxI9+MDtYaHI=
github.com/d-velop/dvelop-sdk-go/requestid v0.0.0-20191107085044-56b79e6224e9/go.mod h1:2VF207teJDk0FX8LXVqwiVPGua2RHJ0wPlIOHgaMSs0=
github.com/d-velop/dvelop-sdk-go/requestlog v0.0.0-20181220074725-b377df504a0e h1:4kNDr24l8I0vgSuZwBIIEAQAdPKYbNb21D1F7yqUDT4=
github.com/d-velop/dvelop-sdk-go/requestlog v0.0.0-20181220074725-b377df504a0e/go.mod h1:TWy+RRJNBCTSnuP87WBE1K0H8ytuWH4ygpnL+GDTrvg=
github.com/d-velop/dvelop-sdk-go/requestlog v0.0.0-20191107075108-483e363b4ba6 h1:zuomOt3hlrATRBDyJzVrikVr3KzIRVc8ZZWz2PqRufM=
github.com/d-velop/dvelop-sdk-go/requestlog v0.0.0-20191107075108-483e363b4ba6/go.mod h1:YwzXZ7Nh3brVnmQ37nZm3u1w+7YEH6jcZ5cyuYtwLzE=
github.com/d-velop/dvelop-sdk-go/requestlog v0.0.0-20191107085044-56b79e6224e9 h1:+G2e1d1GNxpJZWIDifM5hNgiyi8vBMz7iqzGVR1TS30=
github.com/d-velop/dvelop-sdk-go/requestlog v0.0.0-20191107085044-56b79e6224e9/go.mod h1:YwzXZ7Nh3brVnmQ37nZm3u1w+7YEH6jcZ5cyuYtwLzE=
github.com/d-velop/dvelop-sdk-go/tenant v0.0.0-20181220074725-b377df504a0e h1:TdHte0IHKQrhyj9s1Odz2nM+WCxckB+YlAqZBzqJ89k=
github.com/d-velop/dvelop-sdk-go/tenant v0.0.0-20181220074725-b377df504a0e/go.mod h1:cG8QRBW1gufkeNNH2PPx5cp8Gdnr5eaqWJt931c4Ipo=
github.com/d-velop/dvelop-sdk-go/tenant v0.0.0-20190124101707-3866f3fdcaff h1:5ef2RIxlSz9du0p3lYLuK2t5CftzD16hk182WHHpQpY=
github.com/d-velop/dvelop-sdk-go/tenant v0.0.0-20190124101707-3866f3fdcaff/go.mod h1:cG8QRBW1gufkeNNH2PPx5cp8Gdnr5eaqWJt931c4Ipo=
github.com/d-velop/dvelop-sdk-go/tenant v0.0.0-20191107075108-483e363b4ba6 h1:/UGbQ5oo2Uj2RP/RyY/QyILh/fdGfYbgzo4aEsaYvTU=
github.com/d-velop/dvelop-sdk-go/tenant v0.0.0-20191107075108-483e363b4ba6/go.mod h1:KIBwkM3Td/vgbgLD5wWPXf0BM+Tv9gVOdvRP5dfWZ8w=
github.com/d-velop/dvelop-sdk-go/tenant v0.0.0-20191107085044-56b79e6224e9 h1:XmZCR/zyeUSqJIZ+Yim7NNt2C406OLvpJUxgS9HY34w=
github.com/d-velop/dvelop-sdk-go/tenant v0.0.0-20191107085044-56b79e6224e9/go.mod h1:KIBwkM3Td/vgbgLD5wWPXf0BM+Tv9gVOdvRP5dfWZ8w=
github.com/justinas/alice v0.0.0-20171023064455-03f45bd4b7da h1:5y58+OCjoHCYB8182mpf/dEsq0vwTKPOo4zGfH0xW9A=
github.com/justinas/alice v0.0.0-20171023064455-03f45bd4b7da/go.mod h1:oLH0CmIaxCGXD67VKGR5AacGXZSMznlmeqM8RzPrcY8=
github.com/patrickmn/go-cache v2.1.0+incompatible h1:HRMgzkcYKYpi3C8ajMPV8OFXaaRUnok+kx1WdO15EQc=
github.com/patrickmn/go-cache v2.1.0+incompatible/go.mod h1:3Qf8kWWT7OJRJbdiICTKqZju1ZixQ/KpMGzzAfe6+WQ=
github.com/satori/go.uuid v1.2.1-0.20181028125025-b2ce2384e17b h1:gQZ0qzfKHQIybLANtM3mBXNUtOfsCFXeTsnBqCsx1KM=
github.com/satori/go.uuid v1.2.1-0.20181028125025-b2ce2384e17b/go.mod h1:dA0hQrYB0VpLJoorglMZABFdXlWrHn1NEOzdhQKdks0=
github.com/shurcooL/httpfs v0.0.0-20171119174359-809beceb2371 h1:SWV2fHctRpRrp49VXJ6UZja7gU9QLHwRpIPBN89SKEo=
github.com/shurcooL/httpfs v0.0.0-20171119174359-809beceb2371/go.mod h1:ZY1cvUeJuFPAdZ/B6v7RHavJWZn2YPVFQ1OSXhCGOkg=
github.com/shurcooL/vfsgen v0.0.0-20181020040650-a97a25d856ca h1:3fECS8atRjByijiI8yYiuwLwQ2ZxXobW7ua/8GRB3pI=
github.com/shurcooL/vfsgen v0.0.0-20181020040650-a97a25d856ca/go.mod h1:TrYk7fJVaAttu97ZZKrO9UbRa8izdowaMIZcxYMbVaw=
