github.com/BurntSushi/toml v0.3.1/go.mod h1:xHWCNGjB5oqiDr8zfno3MHue2Ht5sIBksp03qcyfWMU=
github.com/aws/aws-lambda-go v1.17.0/go.mod h1:FEwgPLE6+8wcGBTe5cJN3JWurd1Ztm9zN4jsXsjzKKw=
github.com/aws/aws-lambda-go v1.33.0 h1:n4kw3zie82vPpLLN58ahlYHBz9k8QeK2svQep+jGnB8=
github.com/aws/aws-lambda-go v1.33.0/go.mod h1:jwFe2KmMsHmffA1X2R09hH6lFzJQxzI8qK17ewzbQMM=
github.com/cpuguy83/go-md2man/v2 v2.0.0-20190314233015-f79a8a8ca69d/go.mod h1:maD7wRr/U5Z6m/iR4s+kqSMx2CaBsrgA7czyZG/E6dU=
github.com/d-velop/dvelop-sdk-go/contentnegotiation v0.0.0-20220420084038-aa8114534460 h1:2TwRxnW98NNmn90wLUZg0KMTm/KMLV/lv0Ou9AG/emM=
github.com/d-velop/dvelop-sdk-go/contentnegotiation v0.0.0-20220420084038-aa8114534460/go.mod h1:siqr3lWF1fkZLwPyYGhcm+4XlWqsnEIb5I+Od0b4efY=
github.com/d-velop/dvelop-sdk-go/idp v0.0.0-20220420084038-aa8114534460 h1:N5gYV9dFvZMFGrtb0VfrwaU7lXTD3bGaBwPy6Go2MCw=
github.com/d-velop/dvelop-sdk-go/idp v0.0.0-20220420084038-aa8114534460/go.mod h1:tdtjosPO8VAqJcg+EsK82c4YR0Giq+iRGV4hEIS4Dsg=
github.com/d-velop/dvelop-sdk-go/lambda v0.0.0-20220420084038-aa8114534460 h1:o9Se3hM8OjEad/aCk1qfsO4qWNNDJNILcdB1/rwZpZs=
github.com/d-velop/dvelop-sdk-go/lambda v0.0.0-20220420084038-aa8114534460/go.mod h1:/GFOm3KjeaYhfbrVOTxcRByVrMVsRQtgDP8DQat9fvs=
github.com/d-velop/dvelop-sdk-go/log v0.0.0-20220420084038-aa8114534460 h1:m3H3x4KMxp3XCVSensR/6iYXHQ30GhYeKlD3IzRc3zo=
github.com/d-velop/dvelop-sdk-go/log v0.0.0-20220420084038-aa8114534460/go.mod h1:SAb14GKvscMkBXYLVHrqywqlUzogrL1DoYfiA8QBWqw=
github.com/d-velop/dvelop-sdk-go/requestid v0.0.0-20220420084038-aa8114534460 h1:7uAk7s47nC8aRj4PGKq5NiV9bPCr0b64j03xIvon2sg=
github.com/d-velop/dvelop-sdk-go/requestid v0.0.0-20220420084038-aa8114534460/go.mod h1:2VF207teJDk0FX8LXVqwiVPGua2RHJ0wPlIOHgaMSs0=
github.com/d-velop/dvelop-sdk-go/requestlog v0.0.0-20220420084038-aa8114534460 h1:ru0CSHtpdASpLNGRPoo8wWBv8ACOUaUR8ktGSwc6dBU=
github.com/d-velop/dvelop-sdk-go/requestlog v0.0.0-20220420084038-aa8114534460/go.mod h1:YwzXZ7Nh3brVnmQ37nZm3u1w+7YEH6jcZ5cyuYtwLzE=
github.com/d-velop/dvelop-sdk-go/tenant v0.0.0-20220420084038-aa8114534460 h1:XTDg3o973BJwF6h5+zsb5t5MCudCBPjGDhl2LgZr6Eo=
github.com/d-velop/dvelop-sdk-go/tenant v0.0.0-20220420084038-aa8114534460/go.mod h1:KIBwkM3Td/vgbgLD5wWPXf0BM+Tv9gVOdvRP5dfWZ8w=
github.com/davecgh/go-spew v1.1.0/go.mod h1:J7Y8YcW2NihsgmVo/mv3lAwl/skON4iLHjSsI+c5H38=
github.com/davecgh/go-spew v1.1.1 h1:vj9j/u1bqnvCEfJOwUhtlOARqs3+rkHYY13jYWTU97c=
github.com/google/go-cmp v0.3.1 h1:Xye71clBPdm5HgqGwUkwhbynsUJZhDbS20FvLhQ2izg=
github.com/google/go-cmp v0.3.1/go.mod h1:8QqcDgzrUqlUb/G2PQTWiueGozuR1884gddMywk6iLU=
github.com/justinas/alice v1.2.0 h1:+MHSA/vccVCF4Uq37S42jwlkvI2Xzl7zTPCN5BnZNVo=
github.com/justinas/alice v1.2.0/go.mod h1:fN5HRH/reO/zrUflLfTN43t3vXvKzvZIENsNEe7i7qA=
github.com/patrickmn/go-cache v2.1.0+incompatible h1:HRMgzkcYKYpi3C8ajMPV8OFXaaRUnok+kx1WdO15EQc=
github.com/patrickmn/go-cache v2.1.0+incompatible/go.mod h1:3Qf8kWWT7OJRJbdiICTKqZju1ZixQ/KpMGzzAfe6+WQ=
github.com/pmezard/go-difflib v1.0.0 h1:4DBwDE0NGyQoBHbLQYPwSUPoCMWR5BEzIk/f1lZbAQM=
github.com/pmezard/go-difflib v1.0.0/go.mod h1:iKH77koFhYxTK1pcRnkKkqfTogsbg7gZNVY4sRDYZ/4=
github.com/russross/blackfriday/v2 v2.0.1/go.mod h1:+Rmxgy9KzJVeS9/2gXHxylqXiyQDYRxCVz55jmeOWTM=
github.com/satori/go.uuid v1.2.1-0.20181028125025-b2ce2384e17b h1:gQZ0qzfKHQIybLANtM3mBXNUtOfsCFXeTsnBqCsx1KM=
github.com/satori/go.uuid v1.2.1-0.20181028125025-b2ce2384e17b/go.mod h1:dA0hQrYB0VpLJoorglMZABFdXlWrHn1NEOzdhQKdks0=
github.com/shurcooL/httpfs v0.0.0-20190707220628-8d4bc4ba7749 h1:bUGsEnyNbVPw06Bs80sCeARAlK8lhwqGyi6UT8ymuGk=
github.com/shurcooL/httpfs v0.0.0-20190707220628-8d4bc4ba7749/go.mod h1:ZY1cvUeJuFPAdZ/B6v7RHavJWZn2YPVFQ1OSXhCGOkg=
github.com/shurcooL/sanitized_anchor_name v1.0.0/go.mod h1:1NzhyTcUVG4SuEtjjoZeVRXNmyL/1OwPU0+IJeTBvfc=
github.com/shurcooL/vfsgen v0.0.0-20200824052919-0d455de96546 h1:pXY9qYc/MP5zdvqWEUH6SjNiu7VhSjuVFTFiTcphaLU=
github.com/shurcooL/vfsgen v0.0.0-20200824052919-0d455de96546/go.mod h1:TrYk7fJVaAttu97ZZKrO9UbRa8izdowaMIZcxYMbVaw=
github.com/stretchr/objx v0.1.0/go.mod h1:HFkY916IF+rwdDfMAkV7OtwuqBVzrE8GR6GFx+wExME=
github.com/stretchr/testify v1.4.0/go.mod h1:j7eGeouHqKxXV5pUuKE4zz7dFj8WfuZ+81PSLYec5m4=
github.com/stretchr/testify v1.7.2 h1:4jaiDzPyXQvSd7D0EjG45355tLlV3VOECpq10pLC+8s=
github.com/urfave/cli/v2 v2.1.1/go.mod h1:SE9GqnLQmjVa0iPEY0f1w3ygNIYcIJ0OKPMoW2caLfQ=
golang.org/x/tools v0.1.11 h1:loJ25fNOEhSXfHrpoGj91eCUThwdNX6u24rO1xnNteY=
golang.org/x/tools v0.1.11/go.mod h1:SgwaegtQh8clINPpECJMqnxLv9I09HLqnW3RMqW0CA4=
gopkg.in/check.v1 v0.0.0-20161208181325-20d25e280405 h1:yhCVgyC4o1eVCa2tZl7eS0r+SDo693bJlVdllGtEeKM=
gopkg.in/check.v1 v0.0.0-20161208181325-20d25e280405/go.mod h1:Co6ibVJAznAaIkqp8huTwlJQCZ016jof/cbN4VW5Yz0=
gopkg.in/yaml.v2 v2.2.2/go.mod h1:hI93XBmqTisBFMUTm0b8Fm+jr3Dg1NNxqwp+5A1VGuI=
gopkg.in/yaml.v3 v3.0.1 h1:fxVm/GzAzEWqLHuvctI91KS9hhNmmWOoWu0XTYJS7CA=
